
Microsoft Visual Studio Solution File, Format Version 12.00
# Visual Studio 15
VisualStudioVersion = 15.0.28010.2046
MinimumVisualStudioVersion = 10.0.40219.1
Project("{9A19103F-16F7-4668-BE54-9A1E7A4F7556}") = "Aggregator.Api", "Aggregator\Aggregator.Api\Aggregator.Api.csproj", "{995FA8E5-8239-4D28-9F94-FE9A821A84CC}"
EndProject
Project("{9A19103F-16F7-4668-BE54-9A1E7A4F7556}") = "Aggregator.Test", "Aggregator\Aggregator.Test\Aggregator.Test.csproj", "{CCD95F34-C2BD-40A0-92B6-4D5571751515}"
EndProject
Project("{9A19103F-16F7-4668-BE54-9A1E7A4F7556}") = "CalculationEngine.Api", "CalculationEngine\CalculationEngine.Api\CalculationEngine.Api.csproj", "{95458DFC-CF95-4459-8BF2-494C4801AC5F}"
EndProject
Project("{9A19103F-16F7-4668-BE54-9A1E7A4F7556}") = "CalculationEngine.Test", "CalculationEngine\CalculationEngine.Test\CalculationEngine.Test.csproj", "{074595E7-6F0C-48C3-970A-F86273C8236B}"
EndProject
Project("{9A19103F-16F7-4668-BE54-9A1E7A4F7556}") = "FileProcessor.Api", "FileProcessor\FileProcessor.Api\FileProcessor.Api.csproj", "{EDC68C7C-AC8F-4F95-8C6C-11CE87B58613}"
EndProject
Project("{9A19103F-16F7-4668-BE54-9A1E7A4F7556}") = "FileProcessor.Test", "FileProcessor\FileProcessor.Test\FileProcessor.Test.csproj", "{6CEC41B9-62B6-4615-846B-F10728FC3EAE}"
EndProject
Project("{9A19103F-16F7-4668-BE54-9A1E7A4F7556}") = "GenerateOutput.Api", "GenerateOutput\GenerateOutput.Api\GenerateOutput.Api.csproj", "{B1ACB901-90B0-49FF-BA78-380295B41C44}"
EndProject
Project("{9A19103F-16F7-4668-BE54-9A1E7A4F7556}") = "GenerateOutput.Test", "GenerateOutput\GenerateOutput.Test\GenerateOutput.Test.csproj", "{3F7A084C-9D5B-4EA9-B7FF-625D96D5E755}"
EndProject
Project("{9A19103F-16F7-4668-BE54-9A1E7A4F7556}") = "Monitor.Api", "Monitor\Monitor.Api\Monitor.Api.csproj", "{D3CE20B7-191A-4731-9556-DEF1FB8679BB}"
EndProject
Project("{9A19103F-16F7-4668-BE54-9A1E7A4F7556}") = "Monitor.Test", "Monitor\Monitor.Test\Monitor.Test.csproj", "{1A03FB1B-88D0-4EAB-A7FB-8693B06A489D}"
EndProject
Project("{2150E333-8FDC-42A3-9474-1A3956D46DE8}") = "Aggregator", "Aggregator", "{290F97DA-DA03-4CC5-9110-221312FD094C}"
EndProject
Project("{2150E333-8FDC-42A3-9474-1A3956D46DE8}") = "CalculationEngine", "CalculationEngine", "{36489376-AAA0-4151-BF47-4EB275615E31}"
EndProject
Project("{2150E333-8FDC-42A3-9474-1A3956D46DE8}") = "FileProcessor", "FileProcessor", "{DBD23948-5226-428E-9EE7-42755A62E378}"
EndProject
Project("{2150E333-8FDC-42A3-9474-1A3956D46DE8}") = "GenerateOutput", "GenerateOutput", "{F663C776-385C-4ABB-8ED2-0F8989E26809}"
EndProject
Project("{2150E333-8FDC-42A3-9474-1A3956D46DE8}") = "Monitor", "Monitor", "{06007FE8-0FF6-4A72-9ED6-EF4C3C3CD2C4}"
EndProject
Project("{2150E333-8FDC-42A3-9474-1A3956D46DE8}") = "KafkaListener", "KafkaListener", "{CFFECC63-FE70-4D60-9AFA-31D58B7114F0}"
EndProject
Project("{FAE04EC0-301F-11D3-BF4B-00C04F79EFBC}") = "KafkaListener.Api", "KafkaListener\KafkaListener.Api\KafkaListener.Api.csproj", "{3AC3CEBB-7EAB-48FD-A8E9-1EA7DAD51505}"
EndProject
Project("{FAE04EC0-301F-11D3-BF4B-00C04F79EFBC}") = "KafkaListener.Test", "KafkaListener\KafkaListener.Test\KafkaListener.Test.csproj", "{0746C5DE-A38C-4AB1-858E-DE45722DF2FB}"
EndProject
Global
	GlobalSection(SolutionConfigurationPlatforms) = preSolution
		Debug|Any CPU = Debug|Any CPU
		Release|Any CPU = Release|Any CPU
	EndGlobalSection
	GlobalSection(ProjectConfigurationPlatforms) = postSolution
		{995FA8E5-8239-4D28-9F94-FE9A821A84CC}.Debug|Any CPU.ActiveCfg = Debug|Any CPU
		{995FA8E5-8239-4D28-9F94-FE9A821A84CC}.Debug|Any CPU.Build.0 = Debug|Any CPU
		{995FA8E5-8239-4D28-9F94-FE9A821A84CC}.Release|Any CPU.ActiveCfg = Release|Any CPU
		{995FA8E5-8239-4D28-9F94-FE9A821A84CC}.Release|Any CPU.Build.0 = Release|Any CPU
		{CCD95F34-C2BD-40A0-92B6-4D5571751515}.Debug|Any CPU.ActiveCfg = Debug|Any CPU
		{CCD95F34-C2BD-40A0-92B6-4D5571751515}.Debug|Any CPU.Build.0 = Debug|Any CPU
		{CCD95F34-C2BD-40A0-92B6-4D5571751515}.Release|Any CPU.ActiveCfg = Release|Any CPU
		{CCD95F34-C2BD-40A0-92B6-4D5571751515}.Release|Any CPU.Build.0 = Release|Any CPU
		{95458DFC-CF95-4459-8BF2-494C4801AC5F}.Debug|Any CPU.ActiveCfg = Debug|Any CPU
		{95458DFC-CF95-4459-8BF2-494C4801AC5F}.Debug|Any CPU.Build.0 = Debug|Any CPU
		{95458DFC-CF95-4459-8BF2-494C4801AC5F}.Release|Any CPU.ActiveCfg = Release|Any CPU
		{95458DFC-CF95-4459-8BF2-494C4801AC5F}.Release|Any CPU.Build.0 = Release|Any CPU
		{074595E7-6F0C-48C3-970A-F86273C8236B}.Debug|Any CPU.ActiveCfg = Debug|Any CPU
		{074595E7-6F0C-48C3-970A-F86273C8236B}.Debug|Any CPU.Build.0 = Debug|Any CPU
		{074595E7-6F0C-48C3-970A-F86273C8236B}.Release|Any CPU.ActiveCfg = Release|Any CPU
		{074595E7-6F0C-48C3-970A-F86273C8236B}.Release|Any CPU.Build.0 = Release|Any CPU
		{EDC68C7C-AC8F-4F95-8C6C-11CE87B58613}.Debug|Any CPU.ActiveCfg = Debug|Any CPU
		{EDC68C7C-AC8F-4F95-8C6C-11CE87B58613}.Debug|Any CPU.Build.0 = Debug|Any CPU
		{EDC68C7C-AC8F-4F95-8C6C-11CE87B58613}.Release|Any CPU.ActiveCfg = Release|Any CPU
		{EDC68C7C-AC8F-4F95-8C6C-11CE87B58613}.Release|Any CPU.Build.0 = Release|Any CPU
		{6CEC41B9-62B6-4615-846B-F10728FC3EAE}.Debug|Any CPU.ActiveCfg = Debug|Any CPU
		{6CEC41B9-62B6-4615-846B-F10728FC3EAE}.Debug|Any CPU.Build.0 = Debug|Any CPU
		{6CEC41B9-62B6-4615-846B-F10728FC3EAE}.Release|Any CPU.ActiveCfg = Release|Any CPU
		{6CEC41B9-62B6-4615-846B-F10728FC3EAE}.Release|Any CPU.Build.0 = Release|Any CPU
		{B1ACB901-90B0-49FF-BA78-380295B41C44}.Debug|Any CPU.ActiveCfg = Debug|Any CPU
		{B1ACB901-90B0-49FF-BA78-380295B41C44}.Debug|Any CPU.Build.0 = Debug|Any CPU
		{B1ACB901-90B0-49FF-BA78-380295B41C44}.Release|Any CPU.ActiveCfg = Release|Any CPU
		{B1ACB901-90B0-49FF-BA78-380295B41C44}.Release|Any CPU.Build.0 = Release|Any CPU
		{3F7A084C-9D5B-4EA9-B7FF-625D96D5E755}.Debug|Any CPU.ActiveCfg = Debug|Any CPU
		{3F7A084C-9D5B-4EA9-B7FF-625D96D5E755}.Debug|Any CPU.Build.0 = Debug|Any CPU
		{3F7A084C-9D5B-4EA9-B7FF-625D96D5E755}.Release|Any CPU.ActiveCfg = Release|Any CPU
		{3F7A084C-9D5B-4EA9-B7FF-625D96D5E755}.Release|Any CPU.Build.0 = Release|Any CPU
		{D3CE20B7-191A-4731-9556-DEF1FB8679BB}.Debug|Any CPU.ActiveCfg = Debug|Any CPU
		{D3CE20B7-191A-4731-9556-DEF1FB8679BB}.Debug|Any CPU.Build.0 = Debug|Any CPU
		{D3CE20B7-191A-4731-9556-DEF1FB8679BB}.Release|Any CPU.ActiveCfg = Release|Any CPU
		{D3CE20B7-191A-4731-9556-DEF1FB8679BB}.Release|Any CPU.Build.0 = Release|Any CPU
		{1A03FB1B-88D0-4EAB-A7FB-8693B06A489D}.Debug|Any CPU.ActiveCfg = Debug|Any CPU
		{1A03FB1B-88D0-4EAB-A7FB-8693B06A489D}.Debug|Any CPU.Build.0 = Debug|Any CPU
		{1A03FB1B-88D0-4EAB-A7FB-8693B06A489D}.Release|Any CPU.ActiveCfg = Release|Any CPU
		{1A03FB1B-88D0-4EAB-A7FB-8693B06A489D}.Release|Any CPU.Build.0 = Release|Any CPU
		{6C4DDABD-5C2A-459F-9138-49026172F6DB}.Debug|Any CPU.ActiveCfg = Debug|Any CPU
		{6C4DDABD-5C2A-459F-9138-49026172F6DB}.Debug|Any CPU.Build.0 = Debug|Any CPU
		{6C4DDABD-5C2A-459F-9138-49026172F6DB}.Release|Any CPU.ActiveCfg = Release|Any CPU
		{6C4DDABD-5C2A-459F-9138-49026172F6DB}.Release|Any CPU.Build.0 = Release|Any CPU
		{55DBC6EC-1589-421E-8AE6-0A212E270C39}.Debug|Any CPU.ActiveCfg = Debug|Any CPU
		{55DBC6EC-1589-421E-8AE6-0A212E270C39}.Debug|Any CPU.Build.0 = Debug|Any CPU
		{55DBC6EC-1589-421E-8AE6-0A212E270C39}.Release|Any CPU.ActiveCfg = Release|Any CPU
		{55DBC6EC-1589-421E-8AE6-0A212E270C39}.Release|Any CPU.Build.0 = Release|Any CPU
		{3AC3CEBB-7EAB-48FD-A8E9-1EA7DAD51505}.Debug|Any CPU.ActiveCfg = Debug|Any CPU
		{3AC3CEBB-7EAB-48FD-A8E9-1EA7DAD51505}.Debug|Any CPU.Build.0 = Debug|Any CPU
		{3AC3CEBB-7EAB-48FD-A8E9-1EA7DAD51505}.Release|Any CPU.ActiveCfg = Release|Any CPU
		{3AC3CEBB-7EAB-48FD-A8E9-1EA7DAD51505}.Release|Any CPU.Build.0 = Release|Any CPU
		{0746C5DE-A38C-4AB1-858E-DE45722DF2FB}.Debug|Any CPU.ActiveCfg = Debug|Any CPU
		{0746C5DE-A38C-4AB1-858E-DE45722DF2FB}.Debug|Any CPU.Build.0 = Debug|Any CPU
		{0746C5DE-A38C-4AB1-858E-DE45722DF2FB}.Release|Any CPU.ActiveCfg = Release|Any CPU
		{0746C5DE-A38C-4AB1-858E-DE45722DF2FB}.Release|Any CPU.Build.0 = Release|Any CPU
	EndGlobalSection
	GlobalSection(SolutionProperties) = preSolution
		HideSolutionNode = FALSE
	EndGlobalSection
	GlobalSection(NestedProjects) = preSolution
		{995FA8E5-8239-4D28-9F94-FE9A821A84CC} = {290F97DA-DA03-4CC5-9110-221312FD094C}
		{CCD95F34-C2BD-40A0-92B6-4D5571751515} = {290F97DA-DA03-4CC5-9110-221312FD094C}
		{95458DFC-CF95-4459-8BF2-494C4801AC5F} = {36489376-AAA0-4151-BF47-4EB275615E31}
		{074595E7-6F0C-48C3-970A-F86273C8236B} = {36489376-AAA0-4151-BF47-4EB275615E31}
		{EDC68C7C-AC8F-4F95-8C6C-11CE87B58613} = {DBD23948-5226-428E-9EE7-42755A62E378}
		{6CEC41B9-62B6-4615-846B-F10728FC3EAE} = {DBD23948-5226-428E-9EE7-42755A62E378}
		{B1ACB901-90B0-49FF-BA78-380295B41C44} = {F663C776-385C-4ABB-8ED2-0F8989E26809}
		{3F7A084C-9D5B-4EA9-B7FF-625D96D5E755} = {F663C776-385C-4ABB-8ED2-0F8989E26809}
		{D3CE20B7-191A-4731-9556-DEF1FB8679BB} = {06007FE8-0FF6-4A72-9ED6-EF4C3C3CD2C4}
		{1A03FB1B-88D0-4EAB-A7FB-8693B06A489D} = {06007FE8-0FF6-4A72-9ED6-EF4C3C3CD2C4}
		{3AC3CEBB-7EAB-48FD-A8E9-1EA7DAD51505} = {CFFECC63-FE70-4D60-9AFA-31D58B7114F0}
		{0746C5DE-A38C-4AB1-858E-DE45722DF2FB} = {CFFECC63-FE70-4D60-9AFA-31D58B7114F0}
	EndGlobalSection
	GlobalSection(ExtensibilityGlobals) = postSolution
		SolutionGuid = {8018E497-8266-43EA-9580-EF9F6FD1156A}
	EndGlobalSection
EndGlobal
